
Microsoft Visual Studio Solution File, Format Version 12.00
# Visual Studio Version 17
VisualStudioVersion = 17.3.32804.467
MinimumVisualStudioVersion = 10.0.40219.1
Project("{FAE04EC0-301F-11D3-BF4B-00C04F79EFBC}") = "StudioWeb", "StudioWeb\StudioWeb.csproj", "{3EBFDC84-FCBF-47FB-A65D-C02932F3127B}"
EndProject
Global
	GlobalSection(SolutionConfigurationPlatforms) = preSolution
		Debug|Any CPU = Debug|Any CPU
		Release|Any CPU = Release|Any CPU
	EndGlobalSection
	GlobalSection(ProjectConfigurationPlatforms) = postSolution
		{3EBFDC84-FCBF-47FB-A65D-C02932F3127B}.Debug|Any CPU.ActiveCfg = Debug|Any CPU
		{3EBFDC84-FCBF-47FB-A65D-C02932F3127B}.Debug|Any CPU.Build.0 = Debug|Any CPU
		{3EBFDC84-FCBF-47FB-A65D-C02932F3127B}.Release|Any CPU.ActiveCfg = Release|Any CPU
		{3EBFDC84-FCBF-47FB-A65D-C02932F3127B}.Release|Any CPU.Build.0 = Release|Any CPU
	EndGlobalSection
	GlobalSection(SolutionProperties) = preSolution
		HideSolutionNode = FALSE
	EndGlobalSection
	GlobalSection(ExtensibilityGlobals) = postSolution
		SolutionGuid = {31CF932E-B15D-43C4-97EC-1FA35F16E54B}
	EndGlobalSection
EndGlobal
